{
  "name": "js13k-2023",
  "lockfileVersion": 2,
  "requires": true,
  "packages": {
    "": {
      "dependencies": {
        "kontra": "^9.0.0"
      }
    },
    "node_modules/kontra": {
      "version": "9.0.0",
      "resolved": "https://registry.npmjs.org/kontra/-/kontra-9.0.0.tgz",
      "integrity": "sha512-/8A3vsLP4OuSHlNTaF4f9tq7+AG0F2OqtlUcfQwwlRVtmrIpm1jVeKORu5EpKRxciLVG/9RkOAOgCwPwN0fVhw==",
      "engines": {
        "node": ">=14.0.0"
      }
    }
  },
  "dependencies": {
    "kontra": {
      "version": "9.0.0",
      "resolved": "https://registry.npmjs.org/kontra/-/kontra-9.0.0.tgz",
      "integrity": "sha512-/8A3vsLP4OuSHlNTaF4f9tq7+AG0F2OqtlUcfQwwlRVtmrIpm1jVeKORu5EpKRxciLVG/9RkOAOgCwPwN0fVhw=="
    }
  }
}
